
Microsoft Visual Studio Solution File, Format Version 12.00
# Visual Studio Version 16
VisualStudioVersion = 16.0.29613.14
MinimumVisualStudioVersion = 15.0
Project("{2150E333-8FDC-42A3-9474-1A3956D46DE8}") = "Solution Items", "Solution Items", "{47C0086D-577C-43DA-ADC7-544F27656E45}"
	ProjectSection(SolutionItems) = preProject
		Antlr4BuildTasks\antlr-4.9-complete.jar = Antlr4BuildTasks\antlr-4.9-complete.jar
		Antlr4BuildTasks\jre.zip = Antlr4BuildTasks\jre.zip
		LICENSE.txt = LICENSE.txt
		Readme.md = Readme.md
		THIRD-PARTY-NOTICES.txt = THIRD-PARTY-NOTICES.txt
	EndProjectSection
EndProject
Project("{9A19103F-16F7-4668-BE54-9A1E7A4F7556}") = "Antlr4BuildTasks", "Antlr4BuildTasks\Antlr4BuildTasks.csproj", "{515FDF32-DA0A-496E-A056-F7CCEBD88A9F}"
EndProject
Project("{9A19103F-16F7-4668-BE54-9A1E7A4F7556}") = "templatepack", "Templates\templatepack.csproj", "{E66307C9-7D33-4973-A3DC-949C9C99AB83}"
EndProject
Global
	GlobalSection(SolutionConfigurationPlatforms) = preSolution
		Debug|Any CPU = Debug|Any CPU
		Release|Any CPU = Release|Any CPU
	EndGlobalSection
	GlobalSection(ProjectConfigurationPlatforms) = postSolution
		{515FDF32-DA0A-496E-A056-F7CCEBD88A9F}.Debug|Any CPU.ActiveCfg = Debug|Any CPU
		{515FDF32-DA0A-496E-A056-F7CCEBD88A9F}.Debug|Any CPU.Build.0 = Debug|Any CPU
		{515FDF32-DA0A-496E-A056-F7CCEBD88A9F}.Release|Any CPU.ActiveCfg = Release|Any CPU
		{515FDF32-DA0A-496E-A056-F7CCEBD88A9F}.Release|Any CPU.Build.0 = Release|Any CPU
		{E66307C9-7D33-4973-A3DC-949C9C99AB83}.Debug|Any CPU.ActiveCfg = Debug|Any CPU
		{E66307C9-7D33-4973-A3DC-949C9C99AB83}.Debug|Any CPU.Build.0 = Debug|Any CPU
		{E66307C9-7D33-4973-A3DC-949C9C99AB83}.Release|Any CPU.ActiveCfg = Release|Any CPU
		{E66307C9-7D33-4973-A3DC-949C9C99AB83}.Release|Any CPU.Build.0 = Release|Any CPU
	EndGlobalSection
	GlobalSection(SolutionProperties) = preSolution
		HideSolutionNode = FALSE
	EndGlobalSection
	GlobalSection(ExtensibilityGlobals) = postSolution
		SolutionGuid = {03D09E30-D6C7-4053-95DD-AD0D62B0ED78}
	EndGlobalSection
EndGlobal
